# @generated - this file is auto-generated by `mise lock` https://mise.jdx.dev/dev-tools/mise-lock.html

lockfile_version = 3

[[tools."aqua:betterleaks/betterleaks"]]
version = "1.9.0"
backend = "aqua:betterleaks/betterleaks"
specifiers = ["1.9.0"]

[tools."aqua:betterleaks/betterleaks"."platforms.linux-x64"]
checksum = "sha256:f8b185a39ffcece2a1ca82bf3a4e7435cd81963ffd16b7a9128daf75f35f6de7"
url = "https://github.com/betterleaks/betterleaks/releases/download/v1.9.0/betterleaks_1.9.0_linux_x64.tar.gz"
url_api = "https://api.github.com/repos/betterleaks/betterleaks/releases/assets/599108929"
provenance = "cosign"

[[tools.just]]
version = "1.58.0"
backend = "aqua:casey/just"
specifiers = ["1.58.0"]

[tools.just."platforms.linux-x64"]
checksum = "sha256:4a5cc2f53e6f0f8c59092a6cc38291eb729d46a7dd95d3ae582008881b84931d"
url = "https://github.com/casey/just/releases/download/1.58.0/just-1.58.0-x86_64-unknown-linux-musl.tar.gz"
url_api = "https://api.github.com/repos/casey/just/releases/assets/500509978"

[[tools."pipx:pre-commit"]]
version = "4.6.2"
backend = "pipx:pre-commit"
specifiers = ["4.6.2"]
uv = { path = ".mise/locks/pipx-pre-commit/4.6.2", digest = "sha256:cd51ca264f893fb15db32141dcb319ed9a0ec62e60b47ca06d30d3311711125f" }

[[tools.python]]
version = "3.12.14"
backend = "core:python"
specifiers = ["3.12.14"]

[tools.python."platforms.linux-x64"]
checksum = "sha256:ef605200f8174e87ecfc308e52a88127543f85dd5c940dc5e92cab244b98a003"
url = "https://github.com/astral-sh/python-build-standalone/releases/download/20260929/cpython-3.12.14+20260929-x86_64-unknown-linux-gnu-install_only_stripped.tar.gz"
provenance = "github-attestations"

[[tools.shellcheck]]
version = "0.11.0"
backend = "aqua:koalaman/shellcheck"
specifiers = ["0.11.0"]

[tools.shellcheck."platforms.linux-x64"]
checksum = "sha256:8c3be12b05d5c177a04c29e3c78ce89ac86f1595681cab149b65b97c4e227198"
url = "https://github.com/koalaman/shellcheck/releases/download/v0.11.0/shellcheck-v0.11.0.linux.x86_64.tar.xz"
url_api = "https://api.github.com/repos/koalaman/shellcheck/releases/assets/279056942"

[[tools.shfmt]]
version = "3.14.1"
backend = "aqua:mvdan/sh"
specifiers = ["3.14.1"]

[tools.shfmt."platforms.linux-x64"]
checksum = "sha256:76e77641faa025814b77f153b29796b8e6fa2fca03e0c76a691608b86c7ea7bf"
url = "https://github.com/mvdan/sh/releases/download/v3.14.1/shfmt_v3.14.1_linux_amd64"
url_api = "https://api.github.com/repos/mvdan/sh/releases/assets/547320883"

[[tools.uv]]
version = "0.12.21"
backend = "aqua:astral-sh/uv"
specifiers = ["0.12.21"]

[tools.uv."platforms.linux-x64"]
checksum = "sha256:23f02075b652bb1df64178cfae41b5caf160822e720e2663568f3f5d63bc52c0"
url = "https://github.com/astral-sh/uv/releases/download/0.12.21/uv-x86_64-unknown-linux-gnu.tar.gz"
url_api = "https://api.github.com/repos/astral-sh/uv/releases/assets/599238020"
provenance = "github-attestations"
